
Microsoft Visual Studio Solution File, Format Version 12.00
# Visual Studio Version 17
VisualStudioVersion = 17.0.31903.59
MinimumVisualStudioVersion = 10.0.40219.1
Project("{FAE04EC0-301F-11D3-BF4B-00C04F79EFBC}") = "ShouldIAutomateThat", "Web\ShouldIAutomateThat.csproj", "{0CC59EE9-E5B6-4691-B6CF-E3C76E701851}"
EndProject
Project("{FAE04EC0-301F-11D3-BF4B-00C04F79EFBC}") = "Tests", "Tests\Tests.csproj", "{DE5FAA27-3C31-40B3-973D-2C844E849AD7}"
EndProject
Global
	GlobalSection(SolutionConfigurationPlatforms) = preSolution
		Debug|Any CPU = Debug|Any CPU
		Release|Any CPU = Release|Any CPU
	EndGlobalSection
	GlobalSection(SolutionProperties) = preSolution
		HideSolutionNode = FALSE
	EndGlobalSection
	GlobalSection(ProjectConfigurationPlatforms) = postSolution
		{0CC59EE9-E5B6-4691-B6CF-E3C76E701851}.Debug|Any CPU.ActiveCfg = Debug|Any CPU
		{0CC59EE9-E5B6-4691-B6CF-E3C76E701851}.Debug|Any CPU.Build.0 = Debug|Any CPU
		{0CC59EE9-E5B6-4691-B6CF-E3C76E701851}.Release|Any CPU.ActiveCfg = Release|Any CPU
		{0CC59EE9-E5B6-4691-B6CF-E3C76E701851}.Release|Any CPU.Build.0 = Release|Any CPU
		{DE5FAA27-3C31-40B3-973D-2C844E849AD7}.Debug|Any CPU.ActiveCfg = Debug|Any CPU
		{DE5FAA27-3C31-40B3-973D-2C844E849AD7}.Debug|Any CPU.Build.0 = Debug|Any CPU
		{DE5FAA27-3C31-40B3-973D-2C844E849AD7}.Release|Any CPU.ActiveCfg = Release|Any CPU
		{DE5FAA27-3C31-40B3-973D-2C844E849AD7}.Release|Any CPU.Build.0 = Release|Any CPU
	EndGlobalSection
EndGlobal
